// !$*UTF8*$!
{
	archiveVersion = 1;
	classes = {
	};
	objectVersion = 50;
	objects = {

/* Begin PBXBuildFile section */
		BC35908121DDDEC2003ACB31 /* ContactUsVC.swift in Sources */ = {isa = PBXBuildFile; fileRef = BC35908021DDDEC2003ACB31 /* ContactUsVC.swift */; };
		BC3DCBA021DA04CC00D7ECCE /* RegistrationVC.swift in Sources */ = {isa = PBXBuildFile; fileRef = BC3DCB9F21DA04CC00D7ECCE /* RegistrationVC.swift */; };
		BCBA418E21CCFA21007DAAE2 /* NZUCouncilViewController.swift in Sources */ = {isa = PBXBuildFile; fileRef = BCBA418D21CCFA21007DAAE2 /* NZUCouncilViewController.swift */; };
		BCBA419021CCFC81007DAAE2 /* CouncilCell.swift in Sources */ = {isa = PBXBuildFile; fileRef = BCBA418F21CCFC81007DAAE2 /* CouncilCell.swift */; };
		BCBA419221CD0ECD007DAAE2 /* VenueVC.swift in Sources */ = {isa = PBXBuildFile; fileRef = BCBA419121CD0ECD007DAAE2 /* VenueVC.swift */; };
		BCBA419421CD1EAF007DAAE2 /* CommitteeVC.swift in Sources */ = {isa = PBXBuildFile; fileRef = BCBA419321CD1EAF007DAAE2 /* CommitteeVC.swift */; };
		BCDA680221C8ED050052EE32 /* AppDelegate.swift in Sources */ = {isa = PBXBuildFile; fileRef = BCDA680121C8ED050052EE32 /* AppDelegate.swift */; };
		BCDA680421C8ED050052EE32 /* ViewController.swift in Sources */ = {isa = PBXBuildFile; fileRef = BCDA680321C8ED050052EE32 /* ViewController.swift */; };
		BCDA680721C8ED050052EE32 /* Main.storyboard in Resources */ = {isa = PBXBuildFile; fileRef = BCDA680521C8ED050052EE32 /* Main.storyboard */; };
		BCDA680921C8ED080052EE32 /* Assets.xcassets in Resources */ = {isa = PBXBuildFile; fileRef = BCDA680821C8ED080052EE32 /* Assets.xcassets */; };
		BCDA680C21C8ED080052EE32 /* LaunchScreen.storyboard in Resources */ = {isa = PBXBuildFile; fileRef = BCDA680A21C8ED080052EE32 /* LaunchScreen.storyboard */; };
/* End PBXBuildFile section */

/* Begin PBXFileReference section */
		BC35908021DDDEC2003ACB31 /* ContactUsVC.swift */ = {isa = PBXFileReference; lastKnownFileType = sourcecode.swift; path = ContactUsVC.swift; sourceTree = "<group>"; };
		BC3DCB9F21DA04CC00D7ECCE /* RegistrationVC.swift */ = {isa = PBXFileReference; lastKnownFileType = sourcecode.swift; path = RegistrationVC.swift; sourceTree = "<group>"; };
		BCBA418D21CCFA21007DAAE2 /* NZUCouncilViewController.swift */ = {isa = PBXFileReference; lastKnownFileType = sourcecode.swift; path = NZUCouncilViewController.swift; sourceTree = "<group>"; };
		BCBA418F21CCFC81007DAAE2 /* CouncilCell.swift */ = {isa = PBXFileReference; lastKnownFileType = sourcecode.swift; path = CouncilCell.swift; sourceTree = "<group>"; };
		BCBA419121CD0ECD007DAAE2 /* VenueVC.swift */ = {isa = PBXFileReference; lastKnownFileType = sourcecode.swift; path = VenueVC.swift; sourceTree = "<group>"; };
		BCBA419321CD1EAF007DAAE2 /* CommitteeVC.swift */ = {isa = PBXFileReference; lastKnownFileType = sourcecode.swift; path = CommitteeVC.swift; sourceTree = "<group>"; };
		BCDA67FE21C8ED050052EE32 /* NZUSICON 2019.app */ = {isa = PBXFileReference; explicitFileType = wrapper.application; includeInIndex = 0; path = "NZUSICON 2019.app"; sourceTree = BUILT_PRODUCTS_DIR; };
		BCDA680121C8ED050052EE32 /* AppDelegate.swift */ = {isa = PBXFileReference; lastKnownFileType = sourcecode.swift; path = AppDelegate.swift; sourceTree = "<group>"; };
		BCDA680321C8ED050052EE32 /* ViewController.swift */ = {isa = PBXFileReference; lastKnownFileType = sourcecode.swift; path = ViewController.swift; sourceTree = "<group>"; };
		BCDA680621C8ED050052EE32 /* Base */ = {isa = PBXFileReference; lastKnownFileType = file.storyboard; name = Base; path = Base.lproj/Main.storyboard; sourceTree = "<group>"; };
		BCDA680821C8ED080052EE32 /* Assets.xcassets */ = {isa = PBXFileReference; lastKnownFileType = folder.assetcatalog; path = Assets.xcassets; sourceTree = "<group>"; };
		BCDA680B21C8ED080052EE32 /* Base */ = {isa = PBXFileReference; lastKnownFileType = file.storyboard; name = Base; path = Base.lproj/LaunchScreen.storyboard; sourceTree = "<group>"; };
		BCDA680D21C8ED080052EE32 /* Info.plist */ = {isa = PBXFileReference; lastKnownFileType = text.plist.xml; path = Info.plist; sourceTree = "<group>"; };
/* End PBXFileReference section */

/* Begin PBXFrameworksBuildPhase section */
		BCDA67FB21C8ED050052EE32 /* Frameworks */ = {
			isa = PBXFrameworksBuildPhase;
			buildActionMask = 2147483647;
			files = (
			);
			runOnlyForDeploymentPostprocessing = 0;
		};
/* End PBXFrameworksBuildPhase section */

/* Begin PBXGroup section */
		BCDA67F521C8ED040052EE32 = {
			isa = PBXGroup;
			children = (
				BCDA680021C8ED050052EE32 /* NZUSICON 2019 */,
				BCDA67FF21C8ED050052EE32 /* Products */,
			);
			sourceTree = "<group>";
		};
		BCDA67FF21C8ED050052EE32 /* Products */ = {
			isa = PBXGroup;
			children = (
				BCDA67FE21C8ED050052EE32 /* NZUSICON 2019.app */,
			);
			name = Products;
			sourceTree = "<group>";
		};
		BCDA680021C8ED050052EE32 /* NZUSICON 2019 */ = {
			isa = PBXGroup;
			children = (
				BCDA680121C8ED050052EE32 /* AppDelegate.swift */,
				BCDA680321C8ED050052EE32 /* ViewController.swift */,
				BCDA680521C8ED050052EE32 /* Main.storyboard */,
				BCDA680821C8ED080052EE32 /* Assets.xcassets */,
				BCDA680A21C8ED080052EE32 /* LaunchScreen.storyboard */,
				BCDA680D21C8ED080052EE32 /* Info.plist */,
				BCBA418D21CCFA21007DAAE2 /* NZUCouncilViewController.swift */,
				BCBA418F21CCFC81007DAAE2 /* CouncilCell.swift */,
				BCBA419121CD0ECD007DAAE2 /* VenueVC.swift */,
				BCBA419321CD1EAF007DAAE2 /* CommitteeVC.swift */,
				BC3DCB9F21DA04CC00D7ECCE /* RegistrationVC.swift */,
				BC35908021DDDEC2003ACB31 /* ContactUsVC.swift */,
			);
			path = "NZUSICON 2019";
			sourceTree = "<group>";
		};
/* End PBXGroup section */

/* Begin PBXNativeTarget section */
		BCDA67FD21C8ED050052EE32 /* NZUSICON 2019 */ = {
			isa = PBXNativeTarget;
			buildConfigurationList = BCDA681021C8ED080052EE32 /* Build configuration list for PBXNativeTarget "NZUSICON 2019" */;
			buildPhases = (
				BCDA67FA21C8ED050052EE32 /* Sources */,
				BCDA67FB21C8ED050052EE32 /* Frameworks */,
				BCDA67FC21C8ED050052EE32 /* Resources */,
			);
			buildRules = (
			);
			dependencies = (
			);
			name = "NZUSICON 2019";
			productName = "NZUSICON 2019";
			productReference = BCDA67FE21C8ED050052EE32 /* NZUSICON 2019.app */;
			productType = "com.apple.product-type.application";
		};
/* End PBXNativeTarget section */

/* Begin PBXProject section */
		BCDA67F621C8ED050052EE32 /* Project object */ = {
			isa = PBXProject;
			attributes = {
				LastSwiftUpdateCheck = 1010;
				LastUpgradeCheck = 1010;
				ORGANIZATIONNAME = "Raghav Sethi";
				TargetAttributes = {
					BCDA67FD21C8ED050052EE32 = {
						CreatedOnToolsVersion = 10.1;
					};
				};
			};
			buildConfigurationList = BCDA67F921C8ED050052EE32 /* Build configuration list for PBXProject "NZUSICON 2019" */;
			compatibilityVersion = "Xcode 9.3";
			developmentRegion = en;
			hasScannedForEncodings = 0;
			knownRegions = (
				en,
				Base,
			);
			mainGroup = BCDA67F521C8ED040052EE32;
			productRefGroup = BCDA67FF21C8ED050052EE32 /* Products */;
			projectDirPath = "";
			projectRoot = "";
			targets = (
				BCDA67FD21C8ED050052EE32 /* NZUSICON 2019 */,
			);
		};
/* End PBXProject section */

/* Begin PBXResourcesBuildPhase section */
		BCDA67FC21C8ED050052EE32 /* Resources */ = {
			isa = PBXResourcesBuildPhase;
			buildActionMask = 2147483647;
			files = (
				BCDA680C21C8ED080052EE32 /* LaunchScreen.storyboard in Resources */,
				BCDA680921C8ED080052EE32 /* Assets.xcassets in Resources */,
				BCDA680721C8ED050052EE32 /* Main.storyboard in Resources */,
			);
			runOnlyForDeploymentPostprocessing = 0;
		};
/* End PBXResourcesBuildPhase section */

/* Begin PBXSourcesBuildPhase section */
		BCDA67FA21C8ED050052EE32 /* Sources */ = {
			isa = PBXSourcesBuildPhase;
			buildActionMask = 2147483647;
			files = (
				BCBA419221CD0ECD007DAAE2 /* VenueVC.swift in Sources */,
				BC35908121DDDEC2003ACB31 /* ContactUsVC.swift in Sources */,
				BCDA680421C8ED050052EE32 /* ViewController.swift in Sources */,
				BCBA419421CD1EAF007DAAE2 /* CommitteeVC.swift in Sources */,
				BCBA419021CCFC81007DAAE2 /* CouncilCell.swift in Sources */,
				BCBA418E21CCFA21007DAAE2 /* NZUCouncilViewController.swift in Sources */,
				BC3DCBA021DA04CC00D7ECCE /* RegistrationVC.swift in Sources */,
				BCDA680221C8ED050052EE32 /* AppDelegate.swift in Sources */,
			);
			runOnlyForDeploymentPostprocessing = 0;
		};
/* End PBXSourcesBuildPhase section */

/* Begin PBXVariantGroup section */
		BCDA680521C8ED050052EE32 /* Main.storyboard */ = {
			isa = PBXVariantGroup;
			children = (
				BCDA680621C8ED050052EE32 /* Base */,
			);
			name = Main.storyboard;
			sourceTree = "<group>";
		};
		BCDA680A21C8ED080052EE32 /* LaunchScreen.storyboard */ = {
			isa = PBXVariantGroup;
			children = (
				BCDA680B21C8ED080052EE32 /* Base */,
			);
			name = LaunchScreen.storyboard;
			sourceTree = "<group>";
		};
/* End PBXVariantGroup section */

/* Begin XCBuildConfiguration section */
		BCDA680E21C8ED080052EE32 /* Debug */ = {
			isa = XCBuildConfiguration;
			buildSettings = {
				ALWAYS_SEARCH_USER_PATHS = NO;
				CLANG_ANALYZER_NONNULL = YES;
				CLANG_ANALYZER_NUMBER_OBJECT_CONVERSION = YES_AGGRESSIVE;
				CLANG_CXX_LANGUAGE_STANDARD = "gnu++14";
				CLANG_CXX_LIBRARY = "libc++";
				CLANG_ENABLE_MODULES = YES;
				CLANG_ENABLE_OBJC_ARC = YES;
				CLANG_ENABLE_OBJC_WEAK = YES;
				CLANG_WARN_BLOCK_CAPTURE_AUTORELEASING = YES;
				CLANG_WARN_BOOL_CONVERSION = YES;
				CLANG_WARN_COMMA = YES;
				CLANG_WARN_CONSTANT_CONVERSION = YES;
				CLANG_WARN_DEPRECATED_OBJC_IMPLEMENTATIONS = YES;
				CLANG_WARN_DIRECT_OBJC_ISA_USAGE = YES_ERROR;
				CLANG_WARN_DOCUMENTATION_COMMENTS = YES;
				CLANG_WARN_EMPTY_BODY = YES;
				CLANG_WARN_ENUM_CONVERSION = YES;
				CLANG_WARN_INFINITE_RECURSION = YES;
				CLANG_WARN_INT_CONVERSION = YES;
				CLANG_WARN_NON_LITERAL_NULL_CONVERSION = YES;
				CLANG_WARN_OBJC_IMPLICIT_RETAIN_SELF = YES;
				CLANG_WARN_OBJC_LITERAL_CONVERSION = YES;
				CLANG_WARN_OBJC_ROOT_CLASS = YES_ERROR;
				CLANG_WARN_RANGE_LOOP_ANALYSIS = YES;
				CLANG_WARN_STRICT_PROTOTYPES = YES;
				CLANG_WARN_SUSPICIOUS_MOVE = YES;
				CLANG_WARN_UNGUARDED_AVAILABILITY = YES_AGGRESSIVE;
				CLANG_WARN_UNREACHABLE_CODE = YES;
				CLANG_WARN__DUPLICATE_METHOD_MATCH = YES;
				CODE_SIGN_IDENTITY = "iPhone Developer";
				COPY_PHASE_STRIP = NO;
				DEBUG_INFORMATION_FORMAT = dwarf;
				ENABLE_STRICT_OBJC_MSGSEND = YES;
				ENABLE_TESTABILITY = YES;
				GCC_C_LANGUAGE_STANDARD = gnu11;
				GCC_DYNAMIC_NO_PIC = NO;
				GCC_NO_COMMON_BLOCKS = YES;
				GCC_OPTIMIZATION_LEVEL = 0;
				GCC_PREPROCESSOR_DEFINITIONS = (
					"DEBUG=1",
					"$(inherited)",
				);
				GCC_WARN_64_TO_32_BIT_CONVERSION = YES;
				GCC_WARN_ABOUT_RETURN_TYPE = YES_ERROR;
				GCC_WARN_UNDECLARED_SELECTOR = YES;
				GCC_WARN_UNINITIALIZED_AUTOS = YES_AGGRESSIVE;
				GCC_WARN_UNUSED_FUNCTION = YES;
				GCC_WARN_UNUSED_VARIABLE = YES;
				IPHONEOS_DEPLOYMENT_TARGET = 12.1;
				MTL_ENABLE_DEBUG_INFO = INCLUDE_SOURCE;
				MTL_FAST_MATH = YES;
				ONLY_ACTIVE_ARCH = YES;
				SDKROOT = iphoneos;
				SWIFT_ACTIVE_COMPILATION_CONDITIONS = DEBUG;
				SWIFT_OPTIMIZATION_LEVEL = "-Onone";
			};
			name = Debug;
		};
		BCDA680F21C8ED080052EE32 /* Release */ = {
			isa = XCBuildConfiguration;
			buildSettings = {
				ALWAYS_SEARCH_USER_PATHS = NO;
				CLANG_ANALYZER_NONNULL = YES;
				CLANG_ANALYZER_NUMBER_OBJECT_CONVERSION = YES_AGGRESSIVE;
				CLANG_CXX_LANGUAGE_STANDARD = "gnu++14";
				CLANG_CXX_LIBRARY = "libc++";
				CLANG_ENABLE_MODULES = YES;
				CLANG_ENABLE_OBJC_ARC = YES;
				CLANG_ENABLE_OBJC_WEAK = YES;
				CLANG_WARN_BLOCK_CAPTURE_AUTORELEASING = YES;
				CLANG_WARN_BOOL_CONVERSION = YES;
				CLANG_WARN_COMMA = YES;
				CLANG_WARN_CONSTANT_CONVERSION = YES;
				CLANG_WARN_DEPRECATED_OBJC_IMPLEMENTATIONS = YES;
				CLANG_WARN_DIRECT_OBJC_ISA_USAGE = YES_ERROR;
				CLANG_WARN_DOCUMENTATION_COMMENTS = YES;
				CLANG_WARN_EMPTY_BODY = YES;
				CLANG_WARN_ENUM_CONVERSION = YES;
				CLANG_WARN_INFINITE_RECURSION = YES;
				CLANG_WARN_INT_CONVERSION = YES;
				CLANG_WARN_NON_LITERAL_NULL_CONVERSION = YES;
				CLANG_WARN_OBJC_IMPLICIT_RETAIN_SELF = YES;
				CLANG_WARN_OBJC_LITERAL_CONVERSION = YES;
				CLANG_WARN_OBJC_ROOT_CLASS = YES_ERROR;
				CLANG_WARN_RANGE_LOOP_ANALYSIS = YES;
				CLANG_WARN_STRICT_PROTOTYPES = YES;
				CLANG_WARN_SUSPICIOUS_MOVE = YES;
				CLANG_WARN_UNGUARDED_AVAILABILITY = YES_AGGRESSIVE;
				CLANG_WARN_UNREACHABLE_CODE = YES;
				CLANG_WARN__DUPLICATE_METHOD_MATCH = YES;
				CODE_SIGN_IDENTITY = "iPhone Developer";
				COPY_PHASE_STRIP = NO;
				DEBUG_INFORMATION_FORMAT = "dwarf-with-dsym";
				ENABLE_NS_ASSERTIONS = NO;
				ENABLE_STRICT_OBJC_MSGSEND = YES;
				GCC_C_LANGUAGE_STANDARD = gnu11;
				GCC_NO_COMMON_BLOCKS = YES;
				GCC_WARN_64_TO_32_BIT_CONVERSION = YES;
				GCC_WARN_ABOUT_RETURN_TYPE = YES_ERROR;
				GCC_WARN_UNDECLARED_SELECTOR = YES;
				GCC_WARN_UNINITIALIZED_AUTOS = YES_AGGRESSIVE;
				GCC_WARN_UNUSED_FUNCTION = YES;
				GCC_WARN_UNUSED_VARIABLE = YES;
				IPHONEOS_DEPLOYMENT_TARGET = 12.1;
				MTL_ENABLE_DEBUG_INFO = NO;
				MTL_FAST_MATH = YES;
				SDKROOT = iphoneos;
				SWIFT_COMPILATION_MODE = wholemodule;
				SWIFT_OPTIMIZATION_LEVEL = "-O";
				VALIDATE_PRODUCT = YES;
			};
			name = Release;
		};
		BCDA681121C8ED080052EE32 /* Debug */ = {
			isa = XCBuildConfiguration;
			buildSettings = {
				ASSETCATALOG_COMPILER_APPICON_NAME = AppIcon;
				CODE_SIGN_IDENTITY = "iPhone Developer";
				CODE_SIGN_STYLE = Automatic;
				DEVELOPMENT_TEAM = DG55724823;
				INFOPLIST_FILE = "NZUSICON 2019/Info.plist";
				LD_RUNPATH_SEARCH_PATHS = (
					"$(inherited)",
					"@executable_path/Frameworks",
				);
				PRODUCT_BUNDLE_IDENTIFIER = "vineet.avvn.NZUSICON-2019";
				PRODUCT_NAME = "$(TARGET_NAME)";
				PROVISIONING_PROFILE_SPECIFIER = "";
				SWIFT_VERSION = 4.2;
				TARGETED_DEVICE_FAMILY = 1;
			};
			name = Debug;
		};
		BCDA681221C8ED080052EE32 /* Release */ = {
			isa = XCBuildConfiguration;
			buildSettings = {
				ASSETCATALOG_COMPILER_APPICON_NAME = AppIcon;
				CODE_SIGN_IDENTITY = "iPhone Developer";
				CODE_SIGN_STYLE = Automatic;
				DEVELOPMENT_TEAM = DG55724823;
				INFOPLIST_FILE = "NZUSICON 2019/Info.plist";
				LD_RUNPATH_SEARCH_PATHS = (
					"$(inherited)",
					"@executable_path/Frameworks",
				);
				PRODUCT_BUNDLE_IDENTIFIER = "vineet.avvn.NZUSICON-2019";
				PRODUCT_NAME = "$(TARGET_NAME)";
				PROVISIONING_PROFILE_SPECIFIER = "";
				SWIFT_VERSION = 4.2;
				TARGETED_DEVICE_FAMILY = 1;
			};
			name = Release;
		};
/* End XCBuildConfiguration section */

/* Begin XCConfigurationList section */
		BCDA67F921C8ED050052EE32 /* Build configuration list for PBXProject "NZUSICON 2019" */ = {
			isa = XCConfigurationList;
			buildConfigurations = (
				BCDA680E21C8ED080052EE32 /* Debug */,
				BCDA680F21C8ED080052EE32 /* Release */,
			);
			defaultConfigurationIsVisible = 0;
			defaultConfigurationName = Release;
		};
		BCDA681021C8ED080052EE32 /* Build configuration list for PBXNativeTarget "NZUSICON 2019" */ = {
			isa = XCConfigurationList;
			buildConfigurations = (
				BCDA681121C8ED080052EE32 /* Debug */,
				BCDA681221C8ED080052EE32 /* Release */,
			);
			defaultConfigurationIsVisible = 0;
			defaultConfigurationName = Release;
		};
/* End XCConfigurationList section */
	};
	rootObject = BCDA67F621C8ED050052EE32 /* Project object */;
}
